
Microsoft Visual Studio Solution File, Format Version 12.00
# Visual Studio Version 17
VisualStudioVersion = 17.11.35303.130
MinimumVisualStudioVersion = 10.0.40219.1
Project("{8BC9CEB8-8B4A-11D0-8D11-00A0C91BC942}") = "23SEP24", "23SEP24.vcxproj", "{6FFC92B6-5D7C-4224-8CA8-F348F907522D}"
EndProject
Global
	GlobalSection(SolutionConfigurationPlatforms) = preSolution
		Debug|x64 = Debug|x64
		Debug|x86 = Debug|x86
		Release|x64 = Release|x64
		Release|x86 = Release|x86
	EndGlobalSection
	GlobalSection(ProjectConfigurationPlatforms) = postSolution
		{6FFC92B6-5D7C-4224-8CA8-F348F907522D}.Debug|x64.ActiveCfg = Debug|x64
		{6FFC92B6-5D7C-4224-8CA8-F348F907522D}.Debug|x64.Build.0 = Debug|x64
		{6FFC92B6-5D7C-4224-8CA8-F348F907522D}.Debug|x86.ActiveCfg = Debug|Win32
		{6FFC92B6-5D7C-4224-8CA8-F348F907522D}.Debug|x86.Build.0 = Debug|Win32
		{6FFC92B6-5D7C-4224-8CA8-F348F907522D}.Release|x64.ActiveCfg = Release|x64
		{6FFC92B6-5D7C-4224-8CA8-F348F907522D}.Release|x64.Build.0 = Release|x64
		{6FFC92B6-5D7C-4224-8CA8-F348F907522D}.Release|x86.ActiveCfg = Release|Win32
		{6FFC92B6-5D7C-4224-8CA8-F348F907522D}.Release|x86.Build.0 = Release|Win32
	EndGlobalSection
	GlobalSection(SolutionProperties) = preSolution
		HideSolutionNode = FALSE
	EndGlobalSection
	GlobalSection(ExtensibilityGlobals) = postSolution
		SolutionGuid = {9F753DD7-38FA-4CF0-B40F-443D605B2817}
	EndGlobalSection
EndGlobal
