
Microsoft Visual Studio Solution File, Format Version 12.00
# Visual Studio Version 17
VisualStudioVersion = 17.11.35222.181
MinimumVisualStudioVersion = 10.0.40219.1
Project("{8BC9CEB8-8B4A-11D0-8D11-00A0C91BC942}") = "9SEP24", "9SEP24.vcxproj", "{20578D4D-D3D4-4C61-9FE3-153765905F20}"
EndProject
Global
	GlobalSection(SolutionConfigurationPlatforms) = preSolution
		Debug|x64 = Debug|x64
		Debug|x86 = Debug|x86
		Release|x64 = Release|x64
		Release|x86 = Release|x86
	EndGlobalSection
	GlobalSection(ProjectConfigurationPlatforms) = postSolution
		{20578D4D-D3D4-4C61-9FE3-153765905F20}.Debug|x64.ActiveCfg = Debug|x64
		{20578D4D-D3D4-4C61-9FE3-153765905F20}.Debug|x64.Build.0 = Debug|x64
		{20578D4D-D3D4-4C61-9FE3-153765905F20}.Debug|x86.ActiveCfg = Debug|Win32
		{20578D4D-D3D4-4C61-9FE3-153765905F20}.Debug|x86.Build.0 = Debug|Win32
		{20578D4D-D3D4-4C61-9FE3-153765905F20}.Release|x64.ActiveCfg = Release|x64
		{20578D4D-D3D4-4C61-9FE3-153765905F20}.Release|x64.Build.0 = Release|x64
		{20578D4D-D3D4-4C61-9FE3-153765905F20}.Release|x86.ActiveCfg = Release|Win32
		{20578D4D-D3D4-4C61-9FE3-153765905F20}.Release|x86.Build.0 = Release|Win32
	EndGlobalSection
	GlobalSection(SolutionProperties) = preSolution
		HideSolutionNode = FALSE
	EndGlobalSection
	GlobalSection(ExtensibilityGlobals) = postSolution
		SolutionGuid = {4C05B64A-0872-4269-98E1-D7F23A93A6CE}
	EndGlobalSection
EndGlobal
